
Microsoft Visual Studio Solution File, Format Version 10.00
# Visual Studio 2008
Project("{8BC9CEB8-8B4A-11D0-8D11-00A0C91BC942}") = "Tema4", "Tema4.vcproj", "{7F1133E6-E727-4D29-97B9-D1D4F548BABA}"
EndProject
Global
	GlobalSection(SolutionConfigurationPlatforms) = preSolution
		Debug|Win32 = Debug|Win32
		Release|Win32 = Release|Win32
	EndGlobalSection
	GlobalSection(ProjectConfigurationPlatforms) = postSolution
		{7F1133E6-E727-4D29-97B9-D1D4F548BABA}.Debug|Win32.ActiveCfg = Debug|Win32
		{7F1133E6-E727-4D29-97B9-D1D4F548BABA}.Debug|Win32.Build.0 = Debug|Win32
		{7F1133E6-E727-4D29-97B9-D1D4F548BABA}.Release|Win32.ActiveCfg = Release|Win32
		{7F1133E6-E727-4D29-97B9-D1D4F548BABA}.Release|Win32.Build.0 = Release|Win32
	EndGlobalSection
	GlobalSection(SolutionProperties) = preSolution
		HideSolutionNode = FALSE
	EndGlobalSection
EndGlobal
